
Microsoft Visual Studio Solution File, Format Version 12.00
Project("{FAE04EC0-301F-11D3-BF4B-00C04F79EFBC}") = "CircusAPI", "CircusAPI\CircusAPI.csproj", "{E1C2B1E4-2D4E-4FA9-A1D9-9E3B7799FCC2}"
EndProject
Project("{FAE04EC0-301F-11D3-BF4B-00C04F79EFBC}") = "Model", "Model\Model.csproj", "{DA4F2386-3138-44EB-A2A9-FA301C75537C}"
EndProject
Project("{FAE04EC0-301F-11D3-BF4B-00C04F79EFBC}") = "Domain", "Domain\Domain.csproj", "{10485072-3369-4A05-8BEC-4B4F791755A8}"
EndProject
Global
	GlobalSection(SolutionConfigurationPlatforms) = preSolution
		Debug|Any CPU = Debug|Any CPU
		Release|Any CPU = Release|Any CPU
	EndGlobalSection
	GlobalSection(ProjectConfigurationPlatforms) = postSolution
		{E1C2B1E4-2D4E-4FA9-A1D9-9E3B7799FCC2}.Debug|Any CPU.ActiveCfg = Debug|Any CPU
		{E1C2B1E4-2D4E-4FA9-A1D9-9E3B7799FCC2}.Debug|Any CPU.Build.0 = Debug|Any CPU
		{E1C2B1E4-2D4E-4FA9-A1D9-9E3B7799FCC2}.Release|Any CPU.ActiveCfg = Release|Any CPU
		{E1C2B1E4-2D4E-4FA9-A1D9-9E3B7799FCC2}.Release|Any CPU.Build.0 = Release|Any CPU
		{DA4F2386-3138-44EB-A2A9-FA301C75537C}.Debug|Any CPU.ActiveCfg = Debug|Any CPU
		{DA4F2386-3138-44EB-A2A9-FA301C75537C}.Debug|Any CPU.Build.0 = Debug|Any CPU
		{DA4F2386-3138-44EB-A2A9-FA301C75537C}.Release|Any CPU.ActiveCfg = Release|Any CPU
		{DA4F2386-3138-44EB-A2A9-FA301C75537C}.Release|Any CPU.Build.0 = Release|Any CPU
		{10485072-3369-4A05-8BEC-4B4F791755A8}.Debug|Any CPU.ActiveCfg = Debug|Any CPU
		{10485072-3369-4A05-8BEC-4B4F791755A8}.Debug|Any CPU.Build.0 = Debug|Any CPU
		{10485072-3369-4A05-8BEC-4B4F791755A8}.Release|Any CPU.ActiveCfg = Release|Any CPU
		{10485072-3369-4A05-8BEC-4B4F791755A8}.Release|Any CPU.Build.0 = Release|Any CPU
	EndGlobalSection
EndGlobal
